<?xml version="1.0" encoding="utf-8"?>
<Project ToolsVersion="4.0" xmlns="http://schemas.microsoft.com/developer/msbuild/2003">
  <ItemGroup>
    <Filter Include="Source Files">
      <UniqueIdentifier>{4FC737F1-C7A5-4376-A066-2A32D752A2FF}</UniqueIdentifier>
      <Extensions>cpp;c;cc;cxx;def;odl;idl;hpj;bat;asm;asmx</Extensions>
    </Filter>
    <Filter Include="Resource Files">
      <UniqueIdentifier>{67DA6AB6-F800-4c08-8B7A-83BB121AAD01}</UniqueIdentifier>
      <Extensions>rc;ico;cur;bmp;dlg;rc2;rct;bin;rgs;gif;jpg;jpeg;jpe;resx;tiff;tif;png;wav;mfcribbon-ms</Extensions>
    </Filter>
    <Filter Include="Form Files">
      <UniqueIdentifier>{99349809-55BA-4b9d-BF79-8FDBB0286EB3}</UniqueIdentifier>
      <Extensions>ui</Extensions>
    </Filter>
    <Filter Include="Resource Files">
      <UniqueIdentifier>{D9D6E242-F8AF-46E4-B9FD-80ECBC20BA3E}</UniqueIdentifier>
      <Extensions>qrc;*</Extensions>
      <ParseFiles>false</ParseFiles>
    </Filter>
    <Filter Include="Translation Files">
      <UniqueIdentifier>{639EADAA-A684-42e4-A9AD-28FC9BCB8F7C}</UniqueIdentifier>
      <Extensions>ts</Extensions>
      <ParseFiles>false</ParseFiles>
    </Filter>
    <Filter Include="Source Files\.cpp Widgets">
      <UniqueIdentifier>{217534e6-7875-4271-860c-8fe93863a64f}</UniqueIdentifier>
    </Filter>
    <Filter Include="Form Files\Header Files">
      <UniqueIdentifier>{93995380-89BD-4b04-88EB-625FBE52EBFB}</UniqueIdentifier>
      <Extensions>h;hh;hpp;hxx;hm;inl;inc;xsd</Extensions>
    </Filter>
    <Filter Include="Form Files\Header Files\.h Widgets">
      <UniqueIdentifier>{4863faca-0ce6-4112-9165-c5e1b42a9d06}</UniqueIdentifier>
    </Filter>
  </ItemGroup>
  <ItemGroup>
    <QtRcc Include="Swich.qrc">
      <Filter>Resource Files</Filter>
    </QtRcc>
    <QtUic Include="Swich.ui">
      <Filter>Resource Files</Filter>
    </QtUic>
    <ClInclude Include="stdafx.h">
      <Filter>Form Files\Header Files</Filter>
    </ClInclude>
    <ClCompile Include="stdafx.cpp">
      <Filter>Source Files</Filter>
    </ClCompile>
  </ItemGroup>
  <ItemGroup>
    <ClCompile Include="main.cpp">
      <Filter>Source Files</Filter>
    </ClCompile>
    <ClCompile Include="Item.cpp">
      <Filter>Source Files</Filter>
    </ClCompile>
    <ClCompile Include="Contact.cpp">
      <Filter>Source Files</Filter>
    </ClCompile>
    <ClCompile Include="Dragwidget.cpp">
      <Filter>Source Files</Filter>
    </ClCompile>
    <ClCompile Include="DropWidget.cpp">
      <Filter>Source Files</Filter>
    </ClCompile>
    <ClCompile Include="Factory.cpp">
      <Filter>Source Files</Filter>
    </ClCompile>
    <ClCompile Include="Options.cpp">
      <Filter>Source Files</Filter>
    </ClCompile>
    <ClCompile Include="Credits.cpp">
      <Filter>Source Files</Filter>
    </ClCompile>
    <ClCompile Include="DragEmployee.cpp">
      <Filter>Source Files</Filter>
    </ClCompile>
    <ClCompile Include="DropEmployee.cpp">
      <Filter>Source Files</Filter>
    </ClCompile>
    <ClCompile Include="SingleData.cpp">
      <Filter>Source Files</Filter>
    </ClCompile>
    <ClCompile Include="Utils.cpp">
      <Filter>Source Files</Filter>
    </ClCompile>
    <ClCompile Include="Ad.cpp">
      <Filter>Source Files\.cpp Widgets</Filter>
    </ClCompile>
    <ClCompile Include="City.cpp">
      <Filter>Source Files</Filter>
    </ClCompile>
    <ClCompile Include="Chat.cpp">
      <Filter>Source Files\.cpp Widgets</Filter>
    </ClCompile>
    <ClCompile Include="Swich.cpp">
      <Filter>Source Files\.cpp Widgets</Filter>
    </ClCompile>
    <ClCompile Include="Stock.cpp">
      <Filter>Source Files\.cpp Widgets</Filter>
    </ClCompile>
    <ClCompile Include="Sell.cpp">
      <Filter>Source Files\.cpp Widgets</Filter>
    </ClCompile>
    <ClCompile Include="Production.cpp">
      <Filter>Source Files\.cpp Widgets</Filter>
    </ClCompile>
    <ClCompile Include="Hub.cpp">
      <Filter>Source Files\.cpp Widgets</Filter>
    </ClCompile>
    <ClCompile Include="Analytics.cpp">
      <Filter>Source Files\.cpp Widgets</Filter>
    </ClCompile>
    <ClCompile Include="ItemDAO.cpp">
      <Filter>Source Files</Filter>
    </ClCompile>
    <ClCompile Include="Database.cpp">
      <Filter>Source Files</Filter>
    </ClCompile>
    <ClCompile Include="NewTable.cpp">
      <Filter>Source Files</Filter>
    </ClCompile>
    <ClCompile Include="CreateNewItem.cpp">
      <Filter>Source Files</Filter>
    </ClCompile>
    <ClCompile Include="PassWord.cpp">
      <Filter>Source Files</Filter>
    </ClCompile>
    <ClCompile Include="SuperSlider.cpp">
      <Filter>Source Files</Filter>
    </ClCompile>
    <ClCompile Include="Tutorial.cpp">
      <Filter>Source Files</Filter>
    </ClCompile>
  </ItemGroup>
  <ItemGroup>
    <ClInclude Include="Item.h">
      <Filter>Form Files\Header Files</Filter>
    </ClInclude>
    <ClInclude Include="Contact.h">
      <Filter>Form Files\Header Files</Filter>
    </ClInclude>
    <ClInclude Include="Dragwidget.h">
      <Filter>Form Files\Header Files</Filter>
    </ClInclude>
    <ClInclude Include="Factory.h">
      <Filter>Form Files\Header Files</Filter>
    </ClInclude>
    <ClInclude Include="DragEmployee.h">
      <Filter>Form Files\Header Files</Filter>
    </ClInclude>
    <ClInclude Include="SingleData.h">
      <Filter>Form Files\Header Files</Filter>
    </ClInclude>
    <ClInclude Include="StructSettings.h">
      <Filter>Form Files\Header Files</Filter>
    </ClInclude>
    <ClInclude Include="City.h">
      <Filter>Form Files\Header Files</Filter>
    </ClInclude>
    <ClInclude Include="ItemDAO.h">
      <Filter>Form Files\Header Files</Filter>
    </ClInclude>
    <ClInclude Include="resource.h">
      <Filter>Form Files\Header Files</Filter>
    </ClInclude>
    <ClInclude Include="SuperSlider.h">
      <Filter>Form Files\Header Files</Filter>
    </ClInclude>
  </ItemGroup>
  <ItemGroup>
    <QtMoc Include="DropWidget.h">
      <Filter>Form Files\Header Files</Filter>
    </QtMoc>
    <QtMoc Include="Options.h">
      <Filter>Form Files\Header Files</Filter>
    </QtMoc>
    <QtMoc Include="Credits.h">
      <Filter>Form Files\Header Files</Filter>
    </QtMoc>
    <QtMoc Include="DropEmployee.h">
      <Filter>Form Files\Header Files</Filter>
    </QtMoc>
    <QtMoc Include="Utils.h">
      <Filter>Form Files\Header Files</Filter>
    </QtMoc>
    <QtMoc Include="Ad.h">
      <Filter>Form Files\Header Files\.h Widgets</Filter>
    </QtMoc>
    <QtMoc Include="Analytics.h">
      <Filter>Form Files\Header Files\.h Widgets</Filter>
    </QtMoc>
    <QtMoc Include="Chat.h">
      <Filter>Form Files\Header Files\.h Widgets</Filter>
    </QtMoc>
    <QtMoc Include="Hub.h">
      <Filter>Form Files\Header Files\.h Widgets</Filter>
    </QtMoc>
    <QtMoc Include="Production.h">
      <Filter>Form Files\Header Files\.h Widgets</Filter>
    </QtMoc>
    <QtMoc Include="Sell.h">
      <Filter>Form Files\Header Files\.h Widgets</Filter>
    </QtMoc>
    <QtMoc Include="Stock.h">
      <Filter>Form Files\Header Files\.h Widgets</Filter>
    </QtMoc>
    <QtMoc Include="Swich.h">
      <Filter>Form Files\Header Files\.h Widgets</Filter>
    </QtMoc>
    <QtMoc Include="Database.h">
      <Filter>Form Files\Header Files</Filter>
    </QtMoc>
    <QtMoc Include="NewTable.h">
      <Filter>Form Files\Header Files</Filter>
    </QtMoc>
    <QtMoc Include="CreateNewItem.h">
      <Filter>Form Files\Header Files</Filter>
    </QtMoc>
    <QtMoc Include="PassWord.h">
      <Filter>Form Files\Header Files</Filter>
    </QtMoc>
    <QtMoc Include="Tutorial.h">
      <Filter>Form Files\Header Files</Filter>
    </QtMoc>
  </ItemGroup>
  <ItemGroup>
    <None Include="translations\swich_en.ts">
      <Filter>Translation Files</Filter>
    </None>
    <None Include="translations\swich_fr.ts">
      <Filter>Translation Files</Filter>
    </None>
  </ItemGroup>
  <ItemGroup>
    <ResourceCompile Include="Swich.rc">
      <Filter>Resource Files</Filter>
    </ResourceCompile>
  </ItemGroup>
  <ItemGroup>
    <Image Include="images\SwichLogo.ico">
      <Filter>Resource Files</Filter>
    </Image>
  </ItemGroup>
</Project>